
Microsoft Visual Studio Solution File, Format Version 12.00
# Visual Studio Version 17
VisualStudioVersion = 17.0.31903.59
MinimumVisualStudioVersion = 10.0.40219.1
Project("{2150E333-8FDC-42A3-9474-1A3956D46DE8}") = "src", "src", "{827E0CD3-B72D-47B6-A68D-7590B98EB39B}"
EndProject
Project("{FAE04EC0-301F-11D3-BF4B-00C04F79EFBC}") = "WorkoutPlanner.API", "src\WorkoutPlanner.API\WorkoutPlanner.API.csproj", "{C7C3B6E5-9324-4E44-BCBB-5F905F46FA59}"
EndProject
Project("{FAE04EC0-301F-11D3-BF4B-00C04F79EFBC}") = "WorkoutPlanner.Domain", "src\WorkoutPlanner.Domain\WorkoutPlanner.Domain.csproj", "{1362D796-A68E-412F-A197-3770AE8EB586}"
EndProject
Project("{FAE04EC0-301F-11D3-BF4B-00C04F79EFBC}") = "WorkoutPlanner.Application", "src\WorkoutPlanner.Application\WorkoutPlanner.Application.csproj", "{9869DB02-FB9D-466D-BB59-75B41B8C3BB8}"
EndProject
Project("{FAE04EC0-301F-11D3-BF4B-00C04F79EFBC}") = "WorkoutPlanner.Infraestructure", "src\WorkoutPlanner.Infraestructure\WorkoutPlanner.Infraestructure.csproj", "{AE33F56F-6F00-4CE4-9AA5-85FC40532497}"
EndProject
Project("{2150E333-8FDC-42A3-9474-1A3956D46DE8}") = "tests", "tests", "{0AB3BF05-4346-4AA6-1389-037BE0695223}"
EndProject
Project("{FAE04EC0-301F-11D3-BF4B-00C04F79EFBC}") = "WorkoutPlanner.Domain.Tests", "tests\WorkoutPlanner.Domain.Tests\WorkoutPlanner.Domain.Tests.csproj", "{276A0402-3986-4ECE-B6A2-C1900A7B86C2}"
EndProject
Project("{FAE04EC0-301F-11D3-BF4B-00C04F79EFBC}") = "WorkoutPlanner.Application.Tests", "tests\WorkoutPlanner.Application.Tests\WorkoutPlanner.Application.Tests.csproj", "{7885AF63-8C82-41B8-B895-0B98C30D0A3D}"
EndProject
Project("{FAE04EC0-301F-11D3-BF4B-00C04F79EFBC}") = "WorkoutPlanner.Infrastructure.Tests", "tests\WorkoutPlanner.Infrastructure.Tests\WorkoutPlanner.Infrastructure.Tests.csproj", "{FD2DD11D-29A7-49B2-AE38-BB9754B3A5BA}"
EndProject
Project("{FAE04EC0-301F-11D3-BF4B-00C04F79EFBC}") = "WorkoutPlanner.API.Tests", "tests\WorkoutPlanner.API.Tests\WorkoutPlanner.API.Tests.csproj", "{45E0158D-12BB-40F9-ADC9-A9D5D16DA8B8}"
EndProject
Global
	GlobalSection(SolutionConfigurationPlatforms) = preSolution
		Debug|Any CPU = Debug|Any CPU
		Debug|x64 = Debug|x64
		Debug|x86 = Debug|x86
		Release|Any CPU = Release|Any CPU
		Release|x64 = Release|x64
		Release|x86 = Release|x86
	EndGlobalSection
	GlobalSection(ProjectConfigurationPlatforms) = postSolution
		{C7C3B6E5-9324-4E44-BCBB-5F905F46FA59}.Debug|Any CPU.ActiveCfg = Debug|Any CPU
		{C7C3B6E5-9324-4E44-BCBB-5F905F46FA59}.Debug|Any CPU.Build.0 = Debug|Any CPU
		{C7C3B6E5-9324-4E44-BCBB-5F905F46FA59}.Debug|x64.ActiveCfg = Debug|Any CPU
		{C7C3B6E5-9324-4E44-BCBB-5F905F46FA59}.Debug|x64.Build.0 = Debug|Any CPU
		{C7C3B6E5-9324-4E44-BCBB-5F905F46FA59}.Debug|x86.ActiveCfg = Debug|Any CPU
		{C7C3B6E5-9324-4E44-BCBB-5F905F46FA59}.Debug|x86.Build.0 = Debug|Any CPU
		{C7C3B6E5-9324-4E44-BCBB-5F905F46FA59}.Release|Any CPU.ActiveCfg = Release|Any CPU
		{C7C3B6E5-9324-4E44-BCBB-5F905F46FA59}.Release|Any CPU.Build.0 = Release|Any CPU
		{C7C3B6E5-9324-4E44-BCBB-5F905F46FA59}.Release|x64.ActiveCfg = Release|Any CPU
		{C7C3B6E5-9324-4E44-BCBB-5F905F46FA59}.Release|x64.Build.0 = Release|Any CPU
		{C7C3B6E5-9324-4E44-BCBB-5F905F46FA59}.Release|x86.ActiveCfg = Release|Any CPU
		{C7C3B6E5-9324-4E44-BCBB-5F905F46FA59}.Release|x86.Build.0 = Release|Any CPU
		{1362D796-A68E-412F-A197-3770AE8EB586}.Debug|Any CPU.ActiveCfg = Debug|Any CPU
		{1362D796-A68E-412F-A197-3770AE8EB586}.Debug|Any CPU.Build.0 = Debug|Any CPU
		{1362D796-A68E-412F-A197-3770AE8EB586}.Debug|x64.ActiveCfg = Debug|Any CPU
		{1362D796-A68E-412F-A197-3770AE8EB586}.Debug|x64.Build.0 = Debug|Any CPU
		{1362D796-A68E-412F-A197-3770AE8EB586}.Debug|x86.ActiveCfg = Debug|Any CPU
		{1362D796-A68E-412F-A197-3770AE8EB586}.Debug|x86.Build.0 = Debug|Any CPU
		{1362D796-A68E-412F-A197-3770AE8EB586}.Release|Any CPU.ActiveCfg = Release|Any CPU
		{1362D796-A68E-412F-A197-3770AE8EB586}.Release|Any CPU.Build.0 = Release|Any CPU
		{1362D796-A68E-412F-A197-3770AE8EB586}.Release|x64.ActiveCfg = Release|Any CPU
		{1362D796-A68E-412F-A197-3770AE8EB586}.Release|x64.Build.0 = Release|Any CPU
		{1362D796-A68E-412F-A197-3770AE8EB586}.Release|x86.ActiveCfg = Release|Any CPU
		{1362D796-A68E-412F-A197-3770AE8EB586}.Release|x86.Build.0 = Release|Any CPU
		{9869DB02-FB9D-466D-BB59-75B41B8C3BB8}.Debug|Any CPU.ActiveCfg = Debug|Any CPU
		{9869DB02-FB9D-466D-BB59-75B41B8C3BB8}.Debug|Any CPU.Build.0 = Debug|Any CPU
		{9869DB02-FB9D-466D-BB59-75B41B8C3BB8}.Debug|x64.ActiveCfg = Debug|Any CPU
		{9869DB02-FB9D-466D-BB59-75B41B8C3BB8}.Debug|x64.Build.0 = Debug|Any CPU
		{9869DB02-FB9D-466D-BB59-75B41B8C3BB8}.Debug|x86.ActiveCfg = Debug|Any CPU
		{9869DB02-FB9D-466D-BB59-75B41B8C3BB8}.Debug|x86.Build.0 = Debug|Any CPU
		{9869DB02-FB9D-466D-BB59-75B41B8C3BB8}.Release|Any CPU.ActiveCfg = Release|Any CPU
		{9869DB02-FB9D-466D-BB59-75B41B8C3BB8}.Release|Any CPU.Build.0 = Release|Any CPU
		{9869DB02-FB9D-466D-BB59-75B41B8C3BB8}.Release|x64.ActiveCfg = Release|Any CPU
		{9869DB02-FB9D-466D-BB59-75B41B8C3BB8}.Release|x64.Build.0 = Release|Any CPU
		{9869DB02-FB9D-466D-BB59-75B41B8C3BB8}.Release|x86.ActiveCfg = Release|Any CPU
		{9869DB02-FB9D-466D-BB59-75B41B8C3BB8}.Release|x86.Build.0 = Release|Any CPU
		{AE33F56F-6F00-4CE4-9AA5-85FC40532497}.Debug|Any CPU.ActiveCfg = Debug|Any CPU
		{AE33F56F-6F00-4CE4-9AA5-85FC40532497}.Debug|Any CPU.Build.0 = Debug|Any CPU
		{AE33F56F-6F00-4CE4-9AA5-85FC40532497}.Debug|x64.ActiveCfg = Debug|Any CPU
		{AE33F56F-6F00-4CE4-9AA5-85FC40532497}.Debug|x64.Build.0 = Debug|Any CPU
		{AE33F56F-6F00-4CE4-9AA5-85FC40532497}.Debug|x86.ActiveCfg = Debug|Any CPU
		{AE33F56F-6F00-4CE4-9AA5-85FC40532497}.Debug|x86.Build.0 = Debug|Any CPU
		{AE33F56F-6F00-4CE4-9AA5-85FC40532497}.Release|Any CPU.ActiveCfg = Release|Any CPU
		{AE33F56F-6F00-4CE4-9AA5-85FC40532497}.Release|Any CPU.Build.0 = Release|Any CPU
		{AE33F56F-6F00-4CE4-9AA5-85FC40532497}.Release|x64.ActiveCfg = Release|Any CPU
		{AE33F56F-6F00-4CE4-9AA5-85FC40532497}.Release|x64.Build.0 = Release|Any CPU
		{AE33F56F-6F00-4CE4-9AA5-85FC40532497}.Release|x86.ActiveCfg = Release|Any CPU
		{AE33F56F-6F00-4CE4-9AA5-85FC40532497}.Release|x86.Build.0 = Release|Any CPU
		{276A0402-3986-4ECE-B6A2-C1900A7B86C2}.Debug|Any CPU.ActiveCfg = Debug|Any CPU
		{276A0402-3986-4ECE-B6A2-C1900A7B86C2}.Debug|Any CPU.Build.0 = Debug|Any CPU
		{276A0402-3986-4ECE-B6A2-C1900A7B86C2}.Debug|x64.ActiveCfg = Debug|Any CPU
		{276A0402-3986-4ECE-B6A2-C1900A7B86C2}.Debug|x64.Build.0 = Debug|Any CPU
		{276A0402-3986-4ECE-B6A2-C1900A7B86C2}.Debug|x86.ActiveCfg = Debug|Any CPU
		{276A0402-3986-4ECE-B6A2-C1900A7B86C2}.Debug|x86.Build.0 = Debug|Any CPU
		{276A0402-3986-4ECE-B6A2-C1900A7B86C2}.Release|Any CPU.ActiveCfg = Release|Any CPU
		{276A0402-3986-4ECE-B6A2-C1900A7B86C2}.Release|Any CPU.Build.0 = Release|Any CPU
		{276A0402-3986-4ECE-B6A2-C1900A7B86C2}.Release|x64.ActiveCfg = Release|Any CPU
		{276A0402-3986-4ECE-B6A2-C1900A7B86C2}.Release|x64.Build.0 = Release|Any CPU
		{276A0402-3986-4ECE-B6A2-C1900A7B86C2}.Release|x86.ActiveCfg = Release|Any CPU
		{276A0402-3986-4ECE-B6A2-C1900A7B86C2}.Release|x86.Build.0 = Release|Any CPU
		{7885AF63-8C82-41B8-B895-0B98C30D0A3D}.Debug|Any CPU.ActiveCfg = Debug|Any CPU
		{7885AF63-8C82-41B8-B895-0B98C30D0A3D}.Debug|Any CPU.Build.0 = Debug|Any CPU
		{7885AF63-8C82-41B8-B895-0B98C30D0A3D}.Debug|x64.ActiveCfg = Debug|Any CPU
		{7885AF63-8C82-41B8-B895-0B98C30D0A3D}.Debug|x64.Build.0 = Debug|Any CPU
		{7885AF63-8C82-41B8-B895-0B98C30D0A3D}.Debug|x86.ActiveCfg = Debug|Any CPU
		{7885AF63-8C82-41B8-B895-0B98C30D0A3D}.Debug|x86.Build.0 = Debug|Any CPU
		{7885AF63-8C82-41B8-B895-0B98C30D0A3D}.Release|Any CPU.ActiveCfg = Release|Any CPU
		{7885AF63-8C82-41B8-B895-0B98C30D0A3D}.Release|Any CPU.Build.0 = Release|Any CPU
		{7885AF63-8C82-41B8-B895-0B98C30D0A3D}.Release|x64.ActiveCfg = Release|Any CPU
		{7885AF63-8C82-41B8-B895-0B98C30D0A3D}.Release|x64.Build.0 = Release|Any CPU
		{7885AF63-8C82-41B8-B895-0B98C30D0A3D}.Release|x86.ActiveCfg = Release|Any CPU
		{7885AF63-8C82-41B8-B895-0B98C30D0A3D}.Release|x86.Build.0 = Release|Any CPU
		{FD2DD11D-29A7-49B2-AE38-BB9754B3A5BA}.Debug|Any CPU.ActiveCfg = Debug|Any CPU
		{FD2DD11D-29A7-49B2-AE38-BB9754B3A5BA}.Debug|Any CPU.Build.0 = Debug|Any CPU
		{FD2DD11D-29A7-49B2-AE38-BB9754B3A5BA}.Debug|x64.ActiveCfg = Debug|Any CPU
		{FD2DD11D-29A7-49B2-AE38-BB9754B3A5BA}.Debug|x64.Build.0 = Debug|Any CPU
		{FD2DD11D-29A7-49B2-AE38-BB9754B3A5BA}.Debug|x86.ActiveCfg = Debug|Any CPU
		{FD2DD11D-29A7-49B2-AE38-BB9754B3A5BA}.Debug|x86.Build.0 = Debug|Any CPU
		{FD2DD11D-29A7-49B2-AE38-BB9754B3A5BA}.Release|Any CPU.ActiveCfg = Release|Any CPU
		{FD2DD11D-29A7-49B2-AE38-BB9754B3A5BA}.Release|Any CPU.Build.0 = Release|Any CPU
		{FD2DD11D-29A7-49B2-AE38-BB9754B3A5BA}.Release|x64.ActiveCfg = Release|Any CPU
		{FD2DD11D-29A7-49B2-AE38-BB9754B3A5BA}.Release|x64.Build.0 = Release|Any CPU
		{FD2DD11D-29A7-49B2-AE38-BB9754B3A5BA}.Release|x86.ActiveCfg = Release|Any CPU
		{FD2DD11D-29A7-49B2-AE38-BB9754B3A5BA}.Release|x86.Build.0 = Release|Any CPU
		{45E0158D-12BB-40F9-ADC9-A9D5D16DA8B8}.Debug|Any CPU.ActiveCfg = Debug|Any CPU
		{45E0158D-12BB-40F9-ADC9-A9D5D16DA8B8}.Debug|Any CPU.Build.0 = Debug|Any CPU
		{45E0158D-12BB-40F9-ADC9-A9D5D16DA8B8}.Debug|x64.ActiveCfg = Debug|Any CPU
		{45E0158D-12BB-40F9-ADC9-A9D5D16DA8B8}.Debug|x64.Build.0 = Debug|Any CPU
		{45E0158D-12BB-40F9-ADC9-A9D5D16DA8B8}.Debug|x86.ActiveCfg = Debug|Any CPU
		{45E0158D-12BB-40F9-ADC9-A9D5D16DA8B8}.Debug|x86.Build.0 = Debug|Any CPU
		{45E0158D-12BB-40F9-ADC9-A9D5D16DA8B8}.Release|Any CPU.ActiveCfg = Release|Any CPU
		{45E0158D-12BB-40F9-ADC9-A9D5D16DA8B8}.Release|Any CPU.Build.0 = Release|Any CPU
		{45E0158D-12BB-40F9-ADC9-A9D5D16DA8B8}.Release|x64.ActiveCfg = Release|Any CPU
		{45E0158D-12BB-40F9-ADC9-A9D5D16DA8B8}.Release|x64.Build.0 = Release|Any CPU
		{45E0158D-12BB-40F9-ADC9-A9D5D16DA8B8}.Release|x86.ActiveCfg = Release|Any CPU
		{45E0158D-12BB-40F9-ADC9-A9D5D16DA8B8}.Release|x86.Build.0 = Release|Any CPU
	EndGlobalSection
	GlobalSection(SolutionProperties) = preSolution
		HideSolutionNode = FALSE
	EndGlobalSection
	GlobalSection(NestedProjects) = preSolution
		{C7C3B6E5-9324-4E44-BCBB-5F905F46FA59} = {827E0CD3-B72D-47B6-A68D-7590B98EB39B}
		{1362D796-A68E-412F-A197-3770AE8EB586} = {827E0CD3-B72D-47B6-A68D-7590B98EB39B}
		{9869DB02-FB9D-466D-BB59-75B41B8C3BB8} = {827E0CD3-B72D-47B6-A68D-7590B98EB39B}
		{AE33F56F-6F00-4CE4-9AA5-85FC40532497} = {827E0CD3-B72D-47B6-A68D-7590B98EB39B}
		{276A0402-3986-4ECE-B6A2-C1900A7B86C2} = {0AB3BF05-4346-4AA6-1389-037BE0695223}
		{7885AF63-8C82-41B8-B895-0B98C30D0A3D} = {0AB3BF05-4346-4AA6-1389-037BE0695223}
		{FD2DD11D-29A7-49B2-AE38-BB9754B3A5BA} = {0AB3BF05-4346-4AA6-1389-037BE0695223}
		{45E0158D-12BB-40F9-ADC9-A9D5D16DA8B8} = {0AB3BF05-4346-4AA6-1389-037BE0695223}
	EndGlobalSection
EndGlobal
